// !$*UTF8*$!
{
	archiveVersion = 1;
	classes = {
	};
	objectVersion = 56;
	objects = {

/* Begin PBXBuildFile section */
		1F281D1D28D3230600EC6947 /* MultiAppApp.swift in Sources */ = {isa = PBXBuildFile; fileRef = 1F281D1C28D3230600EC6947 /* MultiAppApp.swift */; };
		1F281D1F28D3230600EC6947 /* ContentView.swift in Sources */ = {isa = PBXBuildFile; fileRef = 1F281D1E28D3230600EC6947 /* ContentView.swift */; };
		1F281D2128D3230800EC6947 /* Assets.xcassets in Resources */ = {isa = PBXBuildFile; fileRef = 1F281D2028D3230800EC6947 /* Assets.xcassets */; };
		1F281D2528D3230800EC6947 /* Preview Assets.xcassets in Resources */ = {isa = PBXBuildFile; fileRef = 1F281D2428D3230800EC6947 /* Preview Assets.xcassets */; };
		1F281D6528D3290000EC6947 /* iOSTargetApp.swift in Sources */ = {isa = PBXBuildFile; fileRef = 1F281D6428D3290000EC6947 /* iOSTargetApp.swift */; };
		1F281D6928D3290200EC6947 /* Assets.xcassets in Resources */ = {isa = PBXBuildFile; fileRef = 1F281D6828D3290200EC6947 /* Assets.xcassets */; };
		1F281D6C28D3290200EC6947 /* Preview Assets.xcassets in Resources */ = {isa = PBXBuildFile; fileRef = 1F281D6B28D3290200EC6947 /* Preview Assets.xcassets */; };
		1F281D7028D3291000EC6947 /* ContentView.swift in Sources */ = {isa = PBXBuildFile; fileRef = 1F281D1E28D3230600EC6947 /* ContentView.swift */; };
		1F281D7128D3291400EC6947 /* MultiAppApp.swift in Sources */ = {isa = PBXBuildFile; fileRef = 1F281D1C28D3230600EC6947 /* MultiAppApp.swift */; };
		1F281D7A28D3299D00EC6947 /* watchOSTarget Watch App.app in Embed Watch Content */ = {isa = PBXBuildFile; fileRef = 1F281D7928D3299D00EC6947 /* watchOSTarget Watch App.app */; settings = {ATTRIBUTES = (RemoveHeadersOnCopy, ); }; };
		1F281D7F28D3299D00EC6947 /* watchOSTargetApp.swift in Sources */ = {isa = PBXBuildFile; fileRef = 1F281D7E28D3299D00EC6947 /* watchOSTargetApp.swift */; };
		1F281D8328D3299F00EC6947 /* Assets.xcassets in Resources */ = {isa = PBXBuildFile; fileRef = 1F281D8228D3299F00EC6947 /* Assets.xcassets */; };
		1F281D8628D3299F00EC6947 /* Preview Assets.xcassets in Resources */ = {isa = PBXBuildFile; fileRef = 1F281D8528D3299F00EC6947 /* Preview Assets.xcassets */; };
		1F281D8E28D329B100EC6947 /* MultiAppApp.swift in Sources */ = {isa = PBXBuildFile; fileRef = 1F281D1C28D3230600EC6947 /* MultiAppApp.swift */; };
		1F281D8F28D329B400EC6947 /* ContentView.swift in Sources */ = {isa = PBXBuildFile; fileRef = 1F281D1E28D3230600EC6947 /* ContentView.swift */; };
		1F281D9328D32AF700EC6947 /* PlayView.swift in Sources */ = {isa = PBXBuildFile; fileRef = 1F281D9228D32AF700EC6947 /* PlayView.swift */; };
		1F281D9428D32AF700EC6947 /* PlayView.swift in Sources */ = {isa = PBXBuildFile; fileRef = 1F281D9228D32AF700EC6947 /* PlayView.swift */; };
		1F281D9528D32AF700EC6947 /* PlayView.swift in Sources */ = {isa = PBXBuildFile; fileRef = 1F281D9228D32AF700EC6947 /* PlayView.swift */; };
		1F281D9728D32B2000EC6947 /* SettingsView.swift in Sources */ = {isa = PBXBuildFile; fileRef = 1F281D9628D32B2000EC6947 /* SettingsView.swift */; };
		1F281D9828D32B2000EC6947 /* SettingsView.swift in Sources */ = {isa = PBXBuildFile; fileRef = 1F281D9628D32B2000EC6947 /* SettingsView.swift */; };
		1F281D9928D32B2000EC6947 /* SettingsView.swift in Sources */ = {isa = PBXBuildFile; fileRef = 1F281D9628D32B2000EC6947 /* SettingsView.swift */; };
		1F281D9B28D32B4100EC6947 /* LeaderboardView.swift in Sources */ = {isa = PBXBuildFile; fileRef = 1F281D9A28D32B4100EC6947 /* LeaderboardView.swift */; };
		1F281D9C28D32B4100EC6947 /* LeaderboardView.swift in Sources */ = {isa = PBXBuildFile; fileRef = 1F281D9A28D32B4100EC6947 /* LeaderboardView.swift */; };
		1F281D9D28D32B4100EC6947 /* LeaderboardView.swift in Sources */ = {isa = PBXBuildFile; fileRef = 1F281D9A28D32B4100EC6947 /* LeaderboardView.swift */; };
		1F281DA528D32F8A00EC6947 /* tvOSTargetApp.swift in Sources */ = {isa = PBXBuildFile; fileRef = 1F281DA428D32F8A00EC6947 /* tvOSTargetApp.swift */; };
		1F281DA928D32F8B00EC6947 /* Assets.xcassets in Resources */ = {isa = PBXBuildFile; fileRef = 1F281DA828D32F8B00EC6947 /* Assets.xcassets */; };
		1F281DAC28D32F8B00EC6947 /* Preview Assets.xcassets in Resources */ = {isa = PBXBuildFile; fileRef = 1F281DAB28D32F8B00EC6947 /* Preview Assets.xcassets */; };
		1F281DB128D32F9800EC6947 /* SettingsView.swift in Sources */ = {isa = PBXBuildFile; fileRef = 1F281D9628D32B2000EC6947 /* SettingsView.swift */; };
		1F281DB228D32F9B00EC6947 /* LeaderboardView.swift in Sources */ = {isa = PBXBuildFile; fileRef = 1F281D9A28D32B4100EC6947 /* LeaderboardView.swift */; };
		1F281DB328D32FA100EC6947 /* MultiAppApp.swift in Sources */ = {isa = PBXBuildFile; fileRef = 1F281D1C28D3230600EC6947 /* MultiAppApp.swift */; };
		1F281DB428D32FA400EC6947 /* ContentView.swift in Sources */ = {isa = PBXBuildFile; fileRef = 1F281D1E28D3230600EC6947 /* ContentView.swift */; };
		1F281DB628D33C5B00EC6947 /* PlayViewModal.swift in Sources */ = {isa = PBXBuildFile; fileRef = 1F281DB528D33C5B00EC6947 /* PlayViewModal.swift */; };
		1F281DB728D33C5B00EC6947 /* PlayViewModal.swift in Sources */ = {isa = PBXBuildFile; fileRef = 1F281DB528D33C5B00EC6947 /* PlayViewModal.swift */; };
		1F281DB828D33C5B00EC6947 /* PlayViewModal.swift in Sources */ = {isa = PBXBuildFile; fileRef = 1F281DB528D33C5B00EC6947 /* PlayViewModal.swift */; };
		1F281DB928D33C5B00EC6947 /* PlayViewModal.swift in Sources */ = {isa = PBXBuildFile; fileRef = 1F281DB528D33C5B00EC6947 /* PlayViewModal.swift */; };
		1F281DBB28D34A0900EC6947 /* Extensions.swift in Sources */ = {isa = PBXBuildFile; fileRef = 1F281DBA28D34A0900EC6947 /* Extensions.swift */; };
		1F281DBC28D34A0900EC6947 /* Extensions.swift in Sources */ = {isa = PBXBuildFile; fileRef = 1F281DBA28D34A0900EC6947 /* Extensions.swift */; };
		1F281DBD28D34A0900EC6947 /* Extensions.swift in Sources */ = {isa = PBXBuildFile; fileRef = 1F281DBA28D34A0900EC6947 /* Extensions.swift */; };
		1F281DBE28D34A0900EC6947 /* Extensions.swift in Sources */ = {isa = PBXBuildFile; fileRef = 1F281DBA28D34A0900EC6947 /* Extensions.swift */; };
		1F281DC028D358F700EC6947 /* watchOSContentView.swift in Sources */ = {isa = PBXBuildFile; fileRef = 1F281DBF28D358F700EC6947 /* watchOSContentView.swift */; };
		1F281DC128D358F700EC6947 /* watchOSContentView.swift in Sources */ = {isa = PBXBuildFile; fileRef = 1F281DBF28D358F700EC6947 /* watchOSContentView.swift */; };
		1F281DC228D358F700EC6947 /* watchOSContentView.swift in Sources */ = {isa = PBXBuildFile; fileRef = 1F281DBF28D358F700EC6947 /* watchOSContentView.swift */; };
		1F281DC328D358F700EC6947 /* watchOSContentView.swift in Sources */ = {isa = PBXBuildFile; fileRef = 1F281DBF28D358F700EC6947 /* watchOSContentView.swift */; };
/* End PBXBuildFile section */

/* Begin PBXContainerItemProxy section */
		1F281D7B28D3299D00EC6947 /* PBXContainerItemProxy */ = {
			isa = PBXContainerItemProxy;
			containerPortal = 1F281D1128D3230600EC6947 /* Project object */;
			proxyType = 1;
			remoteGlobalIDString = 1F281D7828D3299D00EC6947;
			remoteInfo = "watchOSTarget Watch App";
		};
/* End PBXContainerItemProxy section */

/* Begin PBXCopyFilesBuildPhase section */
		1F281D8A28D3299F00EC6947 /* Embed Watch Content */ = {
			isa = PBXCopyFilesBuildPhase;
			buildActionMask = 2147483647;
			dstPath = "$(CONTENTS_FOLDER_PATH)/Watch";
			dstSubfolderSpec = 16;
			files = (
				1F281D7A28D3299D00EC6947 /* watchOSTarget Watch App.app in Embed Watch Content */,
			);
			name = "Embed Watch Content";
			runOnlyForDeploymentPostprocessing = 0;
		};
/* End PBXCopyFilesBuildPhase section */

/* Begin PBXFileReference section */
		1F281D1928D3230600EC6947 /* MultiApp.app */ = {isa = PBXFileReference; explicitFileType = wrapper.application; includeInIndex = 0; path = MultiApp.app; sourceTree = BUILT_PRODUCTS_DIR; };
		1F281D1C28D3230600EC6947 /* MultiAppApp.swift */ = {isa = PBXFileReference; lastKnownFileType = sourcecode.swift; path = MultiAppApp.swift; sourceTree = "<group>"; };
		1F281D1E28D3230600EC6947 /* ContentView.swift */ = {isa = PBXFileReference; lastKnownFileType = sourcecode.swift; path = ContentView.swift; sourceTree = "<group>"; };
		1F281D2028D3230800EC6947 /* Assets.xcassets */ = {isa = PBXFileReference; lastKnownFileType = folder.assetcatalog; path = Assets.xcassets; sourceTree = "<group>"; };
		1F281D2228D3230800EC6947 /* MultiApp.entitlements */ = {isa = PBXFileReference; lastKnownFileType = text.plist.entitlements; path = MultiApp.entitlements; sourceTree = "<group>"; };
		1F281D2428D3230800EC6947 /* Preview Assets.xcassets */ = {isa = PBXFileReference; lastKnownFileType = folder.assetcatalog; path = "Preview Assets.xcassets"; sourceTree = "<group>"; };
		1F281D6228D3290000EC6947 /* iOSTarget.app */ = {isa = PBXFileReference; explicitFileType = wrapper.application; includeInIndex = 0; path = iOSTarget.app; sourceTree = BUILT_PRODUCTS_DIR; };
		1F281D6428D3290000EC6947 /* iOSTargetApp.swift */ = {isa = PBXFileReference; lastKnownFileType = sourcecode.swift; path = iOSTargetApp.swift; sourceTree = "<group>"; };
		1F281D6828D3290200EC6947 /* Assets.xcassets */ = {isa = PBXFileReference; lastKnownFileType = folder.assetcatalog; path = Assets.xcassets; sourceTree = "<group>"; };
		1F281D6B28D3290200EC6947 /* Preview Assets.xcassets */ = {isa = PBXFileReference; lastKnownFileType = folder.assetcatalog; path = "Preview Assets.xcassets"; sourceTree = "<group>"; };
		1F281D7428D3299D00EC6947 /* watchOSTarget.app */ = {isa = PBXFileReference; explicitFileType = wrapper.application; includeInIndex = 0; path = watchOSTarget.app; sourceTree = BUILT_PRODUCTS_DIR; };
		1F281D7928D3299D00EC6947 /* watchOSTarget Watch App.app */ = {isa = PBXFileReference; explicitFileType = wrapper.application; includeInIndex = 0; path = "watchOSTarget Watch App.app"; sourceTree = BUILT_PRODUCTS_DIR; };
		1F281D7E28D3299D00EC6947 /* watchOSTargetApp.swift */ = {isa = PBXFileReference; lastKnownFileType = sourcecode.swift; path = watchOSTargetApp.swift; sourceTree = "<group>"; };
		1F281D8228D3299F00EC6947 /* Assets.xcassets */ = {isa = PBXFileReference; lastKnownFileType = folder.assetcatalog; path = Assets.xcassets; sourceTree = "<group>"; };
		1F281D8528D3299F00EC6947 /* Preview Assets.xcassets */ = {isa = PBXFileReference; lastKnownFileType = folder.assetcatalog; path = "Preview Assets.xcassets"; sourceTree = "<group>"; };
		1F281D9228D32AF700EC6947 /* PlayView.swift */ = {isa = PBXFileReference; lastKnownFileType = sourcecode.swift; path = PlayView.swift; sourceTree = "<group>"; };
		1F281D9628D32B2000EC6947 /* SettingsView.swift */ = {isa = PBXFileReference; lastKnownFileType = sourcecode.swift; path = SettingsView.swift; sourceTree = "<group>"; };
		1F281D9A28D32B4100EC6947 /* LeaderboardView.swift */ = {isa = PBXFileReference; lastKnownFileType = sourcecode.swift; path = LeaderboardView.swift; sourceTree = "<group>"; };
		1F281DA228D32F8A00EC6947 /* tvOSTarget.app */ = {isa = PBXFileReference; explicitFileType = wrapper.application; includeInIndex = 0; path = tvOSTarget.app; sourceTree = BUILT_PRODUCTS_DIR; };
		1F281DA428D32F8A00EC6947 /* tvOSTargetApp.swift */ = {isa = PBXFileReference; lastKnownFileType = sourcecode.swift; path = tvOSTargetApp.swift; sourceTree = "<group>"; };
		1F281DA828D32F8B00EC6947 /* Assets.xcassets */ = {isa = PBXFileReference; lastKnownFileType = folder.assetcatalog; path = Assets.xcassets; sourceTree = "<group>"; };
		1F281DAB28D32F8B00EC6947 /* Preview Assets.xcassets */ = {isa = PBXFileReference; lastKnownFileType = folder.assetcatalog; path = "Preview Assets.xcassets"; sourceTree = "<group>"; };
		1F281DB528D33C5B00EC6947 /* PlayViewModal.swift */ = {isa = PBXFileReference; lastKnownFileType = sourcecode.swift; path = PlayViewModal.swift; sourceTree = "<group>"; };
		1F281DBA28D34A0900EC6947 /* Extensions.swift */ = {isa = PBXFileReference; lastKnownFileType = sourcecode.swift; path = Extensions.swift; sourceTree = "<group>"; };
		1F281DBF28D358F700EC6947 /* watchOSContentView.swift */ = {isa = PBXFileReference; lastKnownFileType = sourcecode.swift; path = watchOSContentView.swift; sourceTree = "<group>"; };
/* End PBXFileReference section */

/* Begin PBXFrameworksBuildPhase section */
		1F281D1628D3230600EC6947 /* Frameworks */ = {
			isa = PBXFrameworksBuildPhase;
			buildActionMask = 2147483647;
			files = (
			);
			runOnlyForDeploymentPostprocessing = 0;
		};
		1F281D5F28D3290000EC6947 /* Frameworks */ = {
			isa = PBXFrameworksBuildPhase;
			buildActionMask = 2147483647;
			files = (
			);
			runOnlyForDeploymentPostprocessing = 0;
		};
		1F281D7628D3299D00EC6947 /* Frameworks */ = {
			isa = PBXFrameworksBuildPhase;
			buildActionMask = 2147483647;
			files = (
			);
			runOnlyForDeploymentPostprocessing = 0;
		};
		1F281D9F28D32F8900EC6947 /* Frameworks */ = {
			isa = PBXFrameworksBuildPhase;
			buildActionMask = 2147483647;
			files = (
			);
			runOnlyForDeploymentPostprocessing = 0;
		};
/* End PBXFrameworksBuildPhase section */

/* Begin PBXGroup section */
		1F281D1028D3230600EC6947 = {
			isa = PBXGroup;
			children = (
				1F281D1B28D3230600EC6947 /* MultiApp */,
				1F281D6328D3290000EC6947 /* iOSTarget */,
				1F281D7D28D3299D00EC6947 /* watchOSTarget Watch App */,
				1F281DA328D32F8A00EC6947 /* tvOSTarget */,
				1F281D1A28D3230600EC6947 /* Products */,
			);
			sourceTree = "<group>";
		};
		1F281D1A28D3230600EC6947 /* Products */ = {
			isa = PBXGroup;
			children = (
				1F281D1928D3230600EC6947 /* MultiApp.app */,
				1F281D6228D3290000EC6947 /* iOSTarget.app */,
				1F281D7428D3299D00EC6947 /* watchOSTarget.app */,
				1F281D7928D3299D00EC6947 /* watchOSTarget Watch App.app */,
				1F281DA228D32F8A00EC6947 /* tvOSTarget.app */,
			);
			name = Products;
			sourceTree = "<group>";
		};
		1F281D1B28D3230600EC6947 /* MultiApp */ = {
			isa = PBXGroup;
			children = (
				1F281DBA28D34A0900EC6947 /* Extensions.swift */,
				1F281D9128D32ABC00EC6947 /* Views */,
				1F281D9028D32AAA00EC6947 /* ViewModels */,
				1F281D1C28D3230600EC6947 /* MultiAppApp.swift */,
				1F281D1E28D3230600EC6947 /* ContentView.swift */,
				1F281D2028D3230800EC6947 /* Assets.xcassets */,
				1F281D2228D3230800EC6947 /* MultiApp.entitlements */,
				1F281D2328D3230800EC6947 /* Preview Content */,
			);
			path = MultiApp;
			sourceTree = "<group>";
		};
		1F281D2328D3230800EC6947 /* Preview Content */ = {
			isa = PBXGroup;
			children = (
				1F281D2428D3230800EC6947 /* Preview Assets.xcassets */,
			);
			path = "Preview Content";
			sourceTree = "<group>";
		};
		1F281D6328D3290000EC6947 /* iOSTarget */ = {
			isa = PBXGroup;
			children = (
				1F281D6428D3290000EC6947 /* iOSTargetApp.swift */,
				1F281D6828D3290200EC6947 /* Assets.xcassets */,
				1F281D6A28D3290200EC6947 /* Preview Content */,
			);
			path = iOSTarget;
			sourceTree = "<group>";
		};
		1F281D6A28D3290200EC6947 /* Preview Content */ = {
			isa = PBXGroup;
			children = (
				1F281D6B28D3290200EC6947 /* Preview Assets.xcassets */,
			);
			path = "Preview Content";
			sourceTree = "<group>";
		};
		1F281D7D28D3299D00EC6947 /* watchOSTarget Watch App */ = {
			isa = PBXGroup;
			children = (
				1F281D7E28D3299D00EC6947 /* watchOSTargetApp.swift */,
				1F281D8228D3299F00EC6947 /* Assets.xcassets */,
				1F281D8428D3299F00EC6947 /* Preview Content */,
			);
			path = "watchOSTarget Watch App";
			sourceTree = "<group>";
		};
		1F281D8428D3299F00EC6947 /* Preview Content */ = {
			isa = PBXGroup;
			children = (
				1F281D8528D3299F00EC6947 /* Preview Assets.xcassets */,
			);
			path = "Preview Content";
			sourceTree = "<group>";
		};
		1F281D9028D32AAA00EC6947 /* ViewModels */ = {
			isa = PBXGroup;
			children = (
				1F281DB528D33C5B00EC6947 /* PlayViewModal.swift */,
			);
			path = ViewModels;
			sourceTree = "<group>";
		};
		1F281D9128D32ABC00EC6947 /* Views */ = {
			isa = PBXGroup;
			children = (
				1F281D9228D32AF700EC6947 /* PlayView.swift */,
				1F281D9628D32B2000EC6947 /* SettingsView.swift */,
				1F281D9A28D32B4100EC6947 /* LeaderboardView.swift */,
			);
			path = Views;
			sourceTree = "<group>";
		};
		1F281DA328D32F8A00EC6947 /* tvOSTarget */ = {
			isa = PBXGroup;
			children = (
				1F281DA428D32F8A00EC6947 /* tvOSTargetApp.swift */,
				1F281DBF28D358F700EC6947 /* watchOSContentView.swift */,
				1F281DA828D32F8B00EC6947 /* Assets.xcassets */,
				1F281DAA28D32F8B00EC6947 /* Preview Content */,
			);
			path = tvOSTarget;
			sourceTree = "<group>";
		};
		1F281DAA28D32F8B00EC6947 /* Preview Content */ = {
			isa = PBXGroup;
			children = (
				1F281DAB28D32F8B00EC6947 /* Preview Assets.xcassets */,
			);
			path = "Preview Content";
			sourceTree = "<group>";
		};
/* End PBXGroup section */

/* Begin PBXNativeTarget section */
		1F281D1828D3230600EC6947 /* MultiApp */ = {
			isa = PBXNativeTarget;
			buildConfigurationList = 1F281D2828D3230800EC6947 /* Build configuration list for PBXNativeTarget "MultiApp" */;
			buildPhases = (
				1F281D1528D3230600EC6947 /* Sources */,
				1F281D1628D3230600EC6947 /* Frameworks */,
				1F281D1728D3230600EC6947 /* Resources */,
			);
			buildRules = (
			);
			dependencies = (
			);
			name = MultiApp;
			productName = MultiApp;
			productReference = 1F281D1928D3230600EC6947 /* MultiApp.app */;
			productType = "com.apple.product-type.application";
		};
		1F281D6128D3290000EC6947 /* iOSTarget */ = {
			isa = PBXNativeTarget;
			buildConfigurationList = 1F281D6F28D3290200EC6947 /* Build configuration list for PBXNativeTarget "iOSTarget" */;
			buildPhases = (
				1F281D5E28D3290000EC6947 /* Sources */,
				1F281D5F28D3290000EC6947 /* Frameworks */,
				1F281D6028D3290000EC6947 /* Resources */,
			);
			buildRules = (
			);
			dependencies = (
			);
			name = iOSTarget;
			productName = iOSTarget;
			productReference = 1F281D6228D3290000EC6947 /* iOSTarget.app */;
			productType = "com.apple.product-type.application";
		};
		1F281D7328D3299D00EC6947 /* watchOSTarget */ = {
			isa = PBXNativeTarget;
			buildConfigurationList = 1F281D8B28D3299F00EC6947 /* Build configuration list for PBXNativeTarget "watchOSTarget" */;
			buildPhases = (
				1F281D7228D3299D00EC6947 /* Resources */,
				1F281D8A28D3299F00EC6947 /* Embed Watch Content */,
			);
			buildRules = (
			);
			dependencies = (
				1F281D7C28D3299D00EC6947 /* PBXTargetDependency */,
			);
			name = watchOSTarget;
			productName = watchOSTarget;
			productReference = 1F281D7428D3299D00EC6947 /* watchOSTarget.app */;
			productType = "com.apple.product-type.application.watchapp2-container";
		};
		1F281D7828D3299D00EC6947 /* watchOSTarget Watch App */ = {
			isa = PBXNativeTarget;
			buildConfigurationList = 1F281D8728D3299F00EC6947 /* Build configuration list for PBXNativeTarget "watchOSTarget Watch App" */;
			buildPhases = (
				1F281D7528D3299D00EC6947 /* Sources */,
				1F281D7628D3299D00EC6947 /* Frameworks */,
				1F281D7728D3299D00EC6947 /* Resources */,
			);
			buildRules = (
			);
			dependencies = (
			);
			name = "watchOSTarget Watch App";
			productName = "watchOSTarget Watch App";
			productReference = 1F281D7928D3299D00EC6947 /* watchOSTarget Watch App.app */;
			productType = "com.apple.product-type.application";
		};
		1F281DA128D32F8900EC6947 /* tvOSTarget */ = {
			isa = PBXNativeTarget;
			buildConfigurationList = 1F281DAF28D32F8B00EC6947 /* Build configuration list for PBXNativeTarget "tvOSTarget" */;
			buildPhases = (
				1F281D9E28D32F8900EC6947 /* Sources */,
				1F281D9F28D32F8900EC6947 /* Frameworks */,
				1F281DA028D32F8900EC6947 /* Resources */,
			);
			buildRules = (
			);
			dependencies = (
			);
			name = tvOSTarget;
			productName = tvOSTarget;
			productReference = 1F281DA228D32F8A00EC6947 /* tvOSTarget.app */;
			productType = "com.apple.product-type.application";
		};
/* End PBXNativeTarget section */

/* Begin PBXProject section */
		1F281D1128D3230600EC6947 /* Project object */ = {
			isa = PBXProject;
			attributes = {
				BuildIndependentTargetsInParallel = 1;
				LastSwiftUpdateCheck = 1400;
				LastUpgradeCheck = 1400;
				TargetAttributes = {
					1F281D1828D3230600EC6947 = {
						CreatedOnToolsVersion = 14.0;
					};
					1F281D6128D3290000EC6947 = {
						CreatedOnToolsVersion = 14.0;
					};
					1F281D7328D3299D00EC6947 = {
						CreatedOnToolsVersion = 14.0;
					};
					1F281D7828D3299D00EC6947 = {
						CreatedOnToolsVersion = 14.0;
					};
					1F281DA128D32F8900EC6947 = {
						CreatedOnToolsVersion = 14.0;
					};
				};
			};
			buildConfigurationList = 1F281D1428D3230600EC6947 /* Build configuration list for PBXProject "MultiApp" */;
			compatibilityVersion = "Xcode 14.0";
			developmentRegion = en;
			hasScannedForEncodings = 0;
			knownRegions = (
				en,
				Base,
			);
			mainGroup = 1F281D1028D3230600EC6947;
			productRefGroup = 1F281D1A28D3230600EC6947 /* Products */;
			projectDirPath = "";
			projectRoot = "";
			targets = (
				1F281D1828D3230600EC6947 /* MultiApp */,
				1F281D6128D3290000EC6947 /* iOSTarget */,
				1F281D7328D3299D00EC6947 /* watchOSTarget */,
				1F281D7828D3299D00EC6947 /* watchOSTarget Watch App */,
				1F281DA128D32F8900EC6947 /* tvOSTarget */,
			);
		};
/* End PBXProject section */

/* Begin PBXResourcesBuildPhase section */
		1F281D1728D3230600EC6947 /* Resources */ = {
			isa = PBXResourcesBuildPhase;
			buildActionMask = 2147483647;
			files = (
				1F281D2528D3230800EC6947 /* Preview Assets.xcassets in Resources */,
				1F281D2128D3230800EC6947 /* Assets.xcassets in Resources */,
			);
			runOnlyForDeploymentPostprocessing = 0;
		};
		1F281D6028D3290000EC6947 /* Resources */ = {
			isa = PBXResourcesBuildPhase;
			buildActionMask = 2147483647;
			files = (
				1F281D6C28D3290200EC6947 /* Preview Assets.xcassets in Resources */,
				1F281D6928D3290200EC6947 /* Assets.xcassets in Resources */,
			);
			runOnlyForDeploymentPostprocessing = 0;
		};
		1F281D7228D3299D00EC6947 /* Resources */ = {
			isa = PBXResourcesBuildPhase;
			buildActionMask = 2147483647;
			files = (
			);
			runOnlyForDeploymentPostprocessing = 0;
		};
		1F281D7728D3299D00EC6947 /* Resources */ = {
			isa = PBXResourcesBuildPhase;
			buildActionMask = 2147483647;
			files = (
				1F281D8628D3299F00EC6947 /* Preview Assets.xcassets in Resources */,
				1F281D8328D3299F00EC6947 /* Assets.xcassets in Resources */,
			);
			runOnlyForDeploymentPostprocessing = 0;
		};
		1F281DA028D32F8900EC6947 /* Resources */ = {
			isa = PBXResourcesBuildPhase;
			buildActionMask = 2147483647;
			files = (
				1F281DAC28D32F8B00EC6947 /* Preview Assets.xcassets in Resources */,
				1F281DA928D32F8B00EC6947 /* Assets.xcassets in Resources */,
			);
			runOnlyForDeploymentPostprocessing = 0;
		};
/* End PBXResourcesBuildPhase section */

/* Begin PBXSourcesBuildPhase section */
		1F281D1528D3230600EC6947 /* Sources */ = {
			isa = PBXSourcesBuildPhase;
			buildActionMask = 2147483647;
			files = (
				1F281D9B28D32B4100EC6947 /* LeaderboardView.swift in Sources */,
				1F281D9328D32AF700EC6947 /* PlayView.swift in Sources */,
				1F281DC028D358F700EC6947 /* watchOSContentView.swift in Sources */,
				1F281D9728D32B2000EC6947 /* SettingsView.swift in Sources */,
				1F281D1F28D3230600EC6947 /* ContentView.swift in Sources */,
				1F281DB628D33C5B00EC6947 /* PlayViewModal.swift in Sources */,
				1F281D1D28D3230600EC6947 /* MultiAppApp.swift in Sources */,
				1F281DBB28D34A0900EC6947 /* Extensions.swift in Sources */,
			);
			runOnlyForDeploymentPostprocessing = 0;
		};
		1F281D5E28D3290000EC6947 /* Sources */ = {
			isa = PBXSourcesBuildPhase;
			buildActionMask = 2147483647;
			files = (
				1F281D9828D32B2000EC6947 /* SettingsView.swift in Sources */,
				1F281D7028D3291000EC6947 /* ContentView.swift in Sources */,
				1F281DC128D358F700EC6947 /* watchOSContentView.swift in Sources */,
				1F281D7128D3291400EC6947 /* MultiAppApp.swift in Sources */,
				1F281DBC28D34A0900EC6947 /* Extensions.swift in Sources */,
				1F281D9428D32AF700EC6947 /* PlayView.swift in Sources */,
				1F281D9C28D32B4100EC6947 /* LeaderboardView.swift in Sources */,
				1F281DB728D33C5B00EC6947 /* PlayViewModal.swift in Sources */,
				1F281D6528D3290000EC6947 /* iOSTargetApp.swift in Sources */,
			);
			runOnlyForDeploymentPostprocessing = 0;
		};
		1F281D7528D3299D00EC6947 /* Sources */ = {
			isa = PBXSourcesBuildPhase;
			buildActionMask = 2147483647;
			files = (
				1F281D9928D32B2000EC6947 /* SettingsView.swift in Sources */,
				1F281D7F28D3299D00EC6947 /* watchOSTargetApp.swift in Sources */,
				1F281DC228D358F700EC6947 /* watchOSContentView.swift in Sources */,
				1F281D8E28D329B100EC6947 /* MultiAppApp.swift in Sources */,
				1F281DBD28D34A0900EC6947 /* Extensions.swift in Sources */,
				1F281D9528D32AF700EC6947 /* PlayView.swift in Sources */,
				1F281D9D28D32B4100EC6947 /* LeaderboardView.swift in Sources */,
				1F281DB828D33C5B00EC6947 /* PlayViewModal.swift in Sources */,
				1F281D8F28D329B400EC6947 /* ContentView.swift in Sources */,
			);
			runOnlyForDeploymentPostprocessing = 0;
		};
		1F281D9E28D32F8900EC6947 /* Sources */ = {
			isa = PBXSourcesBuildPhase;
			buildActionMask = 2147483647;
			files = (
				1F281DB228D32F9B00EC6947 /* LeaderboardView.swift in Sources */,
				1F281DB328D32FA100EC6947 /* MultiAppApp.swift in Sources */,
				1F281DC328D358F700EC6947 /* watchOSContentView.swift in Sources */,
				1F281DB428D32FA400EC6947 /* ContentView.swift in Sources */,
				1F281DBE28D34A0900EC6947 /* Extensions.swift in Sources */,
				1F281DB128D32F9800EC6947 /* SettingsView.swift in Sources */,
				1F281DB928D33C5B00EC6947 /* PlayViewModal.swift in Sources */,
				1F281DA528D32F8A00EC6947 /* tvOSTargetApp.swift in Sources */,
			);
			runOnlyForDeploymentPostprocessing = 0;
		};
/* End PBXSourcesBuildPhase section */

/* Begin PBXTargetDependency section */
		1F281D7C28D3299D00EC6947 /* PBXTargetDependency */ = {
			isa = PBXTargetDependency;
			target = 1F281D7828D3299D00EC6947 /* watchOSTarget Watch App */;
			targetProxy = 1F281D7B28D3299D00EC6947 /* PBXContainerItemProxy */;
		};
/* End PBXTargetDependency section */

/* Begin XCBuildConfiguration section */
		1F281D2628D3230800EC6947 /* Debug */ = {
			isa = XCBuildConfiguration;
			buildSettings = {
				ALWAYS_SEARCH_USER_PATHS = NO;
				CLANG_ANALYZER_NONNULL = YES;
				CLANG_ANALYZER_NUMBER_OBJECT_CONVERSION = YES_AGGRESSIVE;
				CLANG_CXX_LANGUAGE_STANDARD = "gnu++20";
				CLANG_ENABLE_MODULES = YES;
				CLANG_ENABLE_OBJC_ARC = YES;
				CLANG_ENABLE_OBJC_WEAK = YES;
				CLANG_WARN_BLOCK_CAPTURE_AUTORELEASING = YES;
				CLANG_WARN_BOOL_CONVERSION = YES;
				CLANG_WARN_COMMA = YES;
				CLANG_WARN_CONSTANT_CONVERSION = YES;
				CLANG_WARN_DEPRECATED_OBJC_IMPLEMENTATIONS = YES;
				CLANG_WARN_DIRECT_OBJC_ISA_USAGE = YES_ERROR;
				CLANG_WARN_DOCUMENTATION_COMMENTS = YES;
				CLANG_WARN_EMPTY_BODY = YES;
				CLANG_WARN_ENUM_CONVERSION = YES;
				CLANG_WARN_INFINITE_RECURSION = YES;
				CLANG_WARN_INT_CONVERSION = YES;
				CLANG_WARN_NON_LITERAL_NULL_CONVERSION = YES;
				CLANG_WARN_OBJC_IMPLICIT_RETAIN_SELF = YES;
				CLANG_WARN_OBJC_LITERAL_CONVERSION = YES;
				CLANG_WARN_OBJC_ROOT_CLASS = YES_ERROR;
				CLANG_WARN_QUOTED_INCLUDE_IN_FRAMEWORK_HEADER = YES;
				CLANG_WARN_RANGE_LOOP_ANALYSIS = YES;
				CLANG_WARN_STRICT_PROTOTYPES = YES;
				CLANG_WARN_SUSPICIOUS_MOVE = YES;
				CLANG_WARN_UNGUARDED_AVAILABILITY = YES_AGGRESSIVE;
				CLANG_WARN_UNREACHABLE_CODE = YES;
				CLANG_WARN__DUPLICATE_METHOD_MATCH = YES;
				COPY_PHASE_STRIP = NO;
				DEBUG_INFORMATION_FORMAT = dwarf;
				ENABLE_STRICT_OBJC_MSGSEND = YES;
				ENABLE_TESTABILITY = YES;
				GCC_C_LANGUAGE_STANDARD = gnu11;
				GCC_DYNAMIC_NO_PIC = NO;
				GCC_NO_COMMON_BLOCKS = YES;
				GCC_OPTIMIZATION_LEVEL = 0;
				GCC_PREPROCESSOR_DEFINITIONS = (
					"DEBUG=1",
					"$(inherited)",
				);
				GCC_WARN_64_TO_32_BIT_CONVERSION = YES;
				GCC_WARN_ABOUT_RETURN_TYPE = YES_ERROR;
				GCC_WARN_UNDECLARED_SELECTOR = YES;
				GCC_WARN_UNINITIALIZED_AUTOS = YES_AGGRESSIVE;
				GCC_WARN_UNUSED_FUNCTION = YES;
				GCC_WARN_UNUSED_VARIABLE = YES;
				MTL_ENABLE_DEBUG_INFO = INCLUDE_SOURCE;
				MTL_FAST_MATH = YES;
				ONLY_ACTIVE_ARCH = YES;
				SWIFT_ACTIVE_COMPILATION_CONDITIONS = DEBUG;
				SWIFT_OPTIMIZATION_LEVEL = "-Onone";
			};
			name = Debug;
		};
		1F281D2728D3230800EC6947 /* Release */ = {
			isa = XCBuildConfiguration;
			buildSettings = {
				ALWAYS_SEARCH_USER_PATHS = NO;
				CLANG_ANALYZER_NONNULL = YES;
				CLANG_ANALYZER_NUMBER_OBJECT_CONVERSION = YES_AGGRESSIVE;
				CLANG_CXX_LANGUAGE_STANDARD = "gnu++20";
				CLANG_ENABLE_MODULES = YES;
				CLANG_ENABLE_OBJC_ARC = YES;
				CLANG_ENABLE_OBJC_WEAK = YES;
				CLANG_WARN_BLOCK_CAPTURE_AUTORELEASING = YES;
				CLANG_WARN_BOOL_CONVERSION = YES;
				CLANG_WARN_COMMA = YES;
				CLANG_WARN_CONSTANT_CONVERSION = YES;
				CLANG_WARN_DEPRECATED_OBJC_IMPLEMENTATIONS = YES;
				CLANG_WARN_DIRECT_OBJC_ISA_USAGE = YES_ERROR;
				CLANG_WARN_DOCUMENTATION_COMMENTS = YES;
				CLANG_WARN_EMPTY_BODY = YES;
				CLANG_WARN_ENUM_CONVERSION = YES;
				CLANG_WARN_INFINITE_RECURSION = YES;
				CLANG_WARN_INT_CONVERSION = YES;
				CLANG_WARN_NON_LITERAL_NULL_CONVERSION = YES;
				CLANG_WARN_OBJC_IMPLICIT_RETAIN_SELF = YES;
				CLANG_WARN_OBJC_LITERAL_CONVERSION = YES;
				CLANG_WARN_OBJC_ROOT_CLASS = YES_ERROR;
				CLANG_WARN_QUOTED_INCLUDE_IN_FRAMEWORK_HEADER = YES;
				CLANG_WARN_RANGE_LOOP_ANALYSIS = YES;
				CLANG_WARN_STRICT_PROTOTYPES = YES;
				CLANG_WARN_SUSPICIOUS_MOVE = YES;
				CLANG_WARN_UNGUARDED_AVAILABILITY = YES_AGGRESSIVE;
				CLANG_WARN_UNREACHABLE_CODE = YES;
				CLANG_WARN__DUPLICATE_METHOD_MATCH = YES;
				COPY_PHASE_STRIP = NO;
				DEBUG_INFORMATION_FORMAT = "dwarf-with-dsym";
				ENABLE_NS_ASSERTIONS = NO;
				ENABLE_STRICT_OBJC_MSGSEND = YES;
				GCC_C_LANGUAGE_STANDARD = gnu11;
				GCC_NO_COMMON_BLOCKS = YES;
				GCC_WARN_64_TO_32_BIT_CONVERSION = YES;
				GCC_WARN_ABOUT_RETURN_TYPE = YES_ERROR;
				GCC_WARN_UNDECLARED_SELECTOR = YES;
				GCC_WARN_UNINITIALIZED_AUTOS = YES_AGGRESSIVE;
				GCC_WARN_UNUSED_FUNCTION = YES;
				GCC_WARN_UNUSED_VARIABLE = YES;
				MTL_ENABLE_DEBUG_INFO = NO;
				MTL_FAST_MATH = YES;
				SWIFT_COMPILATION_MODE = wholemodule;
				SWIFT_OPTIMIZATION_LEVEL = "-O";
			};
			name = Release;
		};
		1F281D2928D3230800EC6947 /* Debug */ = {
			isa = XCBuildConfiguration;
			buildSettings = {
				ASSETCATALOG_COMPILER_APPICON_NAME = AppIcon;
				ASSETCATALOG_COMPILER_GLOBAL_ACCENT_COLOR_NAME = AccentColor;
				CODE_SIGN_ENTITLEMENTS = MultiApp/MultiApp.entitlements;
				CODE_SIGN_STYLE = Automatic;
				CURRENT_PROJECT_VERSION = 1;
				DEVELOPMENT_ASSET_PATHS = "\"MultiApp/Preview Content\"";
				DEVELOPMENT_TEAM = 6JQR5WH86M;
				ENABLE_HARDENED_RUNTIME = YES;
				ENABLE_PREVIEWS = YES;
				GENERATE_INFOPLIST_FILE = YES;
				"INFOPLIST_KEY_UIApplicationSceneManifest_Generation[sdk=iphoneos*]" = YES;
				"INFOPLIST_KEY_UIApplicationSceneManifest_Generation[sdk=iphonesimulator*]" = YES;
				"INFOPLIST_KEY_UIApplicationSupportsIndirectInputEvents[sdk=iphoneos*]" = YES;
				"INFOPLIST_KEY_UIApplicationSupportsIndirectInputEvents[sdk=iphonesimulator*]" = YES;
				"INFOPLIST_KEY_UILaunchScreen_Generation[sdk=iphoneos*]" = YES;
				"INFOPLIST_KEY_UILaunchScreen_Generation[sdk=iphonesimulator*]" = YES;
				"INFOPLIST_KEY_UIStatusBarStyle[sdk=iphoneos*]" = UIStatusBarStyleDefault;
				"INFOPLIST_KEY_UIStatusBarStyle[sdk=iphonesimulator*]" = UIStatusBarStyleDefault;
				INFOPLIST_KEY_UISupportedInterfaceOrientations_iPad = "UIInterfaceOrientationPortrait UIInterfaceOrientationPortraitUpsideDown UIInterfaceOrientationLandscapeLeft UIInterfaceOrientationLandscapeRight";
				INFOPLIST_KEY_UISupportedInterfaceOrientations_iPhone = "UIInterfaceOrientationPortrait UIInterfaceOrientationLandscapeLeft UIInterfaceOrientationLandscapeRight";
				IPHONEOS_DEPLOYMENT_TARGET = 16.0;
				LD_RUNPATH_SEARCH_PATHS = "@executable_path/Frameworks";
				"LD_RUNPATH_SEARCH_PATHS[sdk=macosx*]" = "@executable_path/../Frameworks";
				MACOSX_DEPLOYMENT_TARGET = 12.3;
				MARKETING_VERSION = 1.0;
				PRODUCT_BUNDLE_IDENTIFIER = Nothing.MultiApp;
				PRODUCT_NAME = "$(TARGET_NAME)";
				SDKROOT = auto;
				SUPPORTED_PLATFORMS = "iphoneos iphonesimulator macosx";
				SWIFT_EMIT_LOC_STRINGS = YES;
				SWIFT_VERSION = 5.0;
				TARGETED_DEVICE_FAMILY = "1,2";
			};
			name = Debug;
		};
		1F281D2A28D3230800EC6947 /* Release */ = {
			isa = XCBuildConfiguration;
			buildSettings = {
				ASSETCATALOG_COMPILER_APPICON_NAME = AppIcon;
				ASSETCATALOG_COMPILER_GLOBAL_ACCENT_COLOR_NAME = AccentColor;
				CODE_SIGN_ENTITLEMENTS = MultiApp/MultiApp.entitlements;
				CODE_SIGN_STYLE = Automatic;
				CURRENT_PROJECT_VERSION = 1;
				DEVELOPMENT_ASSET_PATHS = "\"MultiApp/Preview Content\"";
				DEVELOPMENT_TEAM = 6JQR5WH86M;
				ENABLE_HARDENED_RUNTIME = YES;
				ENABLE_PREVIEWS = YES;
				GENERATE_INFOPLIST_FILE = YES;
				"INFOPLIST_KEY_UIApplicationSceneManifest_Generation[sdk=iphoneos*]" = YES;
				"INFOPLIST_KEY_UIApplicationSceneManifest_Generation[sdk=iphonesimulator*]" = YES;
				"INFOPLIST_KEY_UIApplicationSupportsIndirectInputEvents[sdk=iphoneos*]" = YES;
				"INFOPLIST_KEY_UIApplicationSupportsIndirectInputEvents[sdk=iphonesimulator*]" = YES;
				"INFOPLIST_KEY_UILaunchScreen_Generation[sdk=iphoneos*]" = YES;
				"INFOPLIST_KEY_UILaunchScreen_Generation[sdk=iphonesimulator*]" = YES;
				"INFOPLIST_KEY_UIStatusBarStyle[sdk=iphoneos*]" = UIStatusBarStyleDefault;
				"INFOPLIST_KEY_UIStatusBarStyle[sdk=iphonesimulator*]" = UIStatusBarStyleDefault;
				INFOPLIST_KEY_UISupportedInterfaceOrientations_iPad = "UIInterfaceOrientationPortrait UIInterfaceOrientationPortraitUpsideDown UIInterfaceOrientationLandscapeLeft UIInterfaceOrientationLandscapeRight";
				INFOPLIST_KEY_UISupportedInterfaceOrientations_iPhone = "UIInterfaceOrientationPortrait UIInterfaceOrientationLandscapeLeft UIInterfaceOrientationLandscapeRight";
				IPHONEOS_DEPLOYMENT_TARGET = 16.0;
				LD_RUNPATH_SEARCH_PATHS = "@executable_path/Frameworks";
				"LD_RUNPATH_SEARCH_PATHS[sdk=macosx*]" = "@executable_path/../Frameworks";
				MACOSX_DEPLOYMENT_TARGET = 12.3;
				MARKETING_VERSION = 1.0;
				PRODUCT_BUNDLE_IDENTIFIER = Nothing.MultiApp;
				PRODUCT_NAME = "$(TARGET_NAME)";
				SDKROOT = auto;
				SUPPORTED_PLATFORMS = "iphoneos iphonesimulator macosx";
				SWIFT_EMIT_LOC_STRINGS = YES;
				SWIFT_VERSION = 5.0;
				TARGETED_DEVICE_FAMILY = "1,2";
			};
			name = Release;
		};
		1F281D6D28D3290200EC6947 /* Debug */ = {
			isa = XCBuildConfiguration;
			buildSettings = {
				ASSETCATALOG_COMPILER_APPICON_NAME = AppIcon;
				ASSETCATALOG_COMPILER_GLOBAL_ACCENT_COLOR_NAME = AccentColor;
				CODE_SIGN_STYLE = Automatic;
				CURRENT_PROJECT_VERSION = 1;
				DEVELOPMENT_ASSET_PATHS = "\"iOSTarget/Preview Content\"";
				DEVELOPMENT_TEAM = 6JQR5WH86M;
				ENABLE_PREVIEWS = YES;
				GENERATE_INFOPLIST_FILE = YES;
				INFOPLIST_KEY_UIApplicationSceneManifest_Generation = YES;
				INFOPLIST_KEY_UIApplicationSupportsIndirectInputEvents = YES;
				INFOPLIST_KEY_UILaunchScreen_Generation = YES;
				INFOPLIST_KEY_UISupportedInterfaceOrientations_iPad = "UIInterfaceOrientationPortrait UIInterfaceOrientationPortraitUpsideDown UIInterfaceOrientationLandscapeLeft UIInterfaceOrientationLandscapeRight";
				INFOPLIST_KEY_UISupportedInterfaceOrientations_iPhone = "UIInterfaceOrientationPortrait UIInterfaceOrientationLandscapeLeft UIInterfaceOrientationLandscapeRight";
				IPHONEOS_DEPLOYMENT_TARGET = 16.0;
				LD_RUNPATH_SEARCH_PATHS = (
					"$(inherited)",
					"@executable_path/Frameworks",
				);
				MARKETING_VERSION = 1.0;
				PRODUCT_BUNDLE_IDENTIFIER = Nothing.iOSTarget;
				PRODUCT_NAME = "$(TARGET_NAME)";
				SDKROOT = iphoneos;
				SWIFT_EMIT_LOC_STRINGS = YES;
				SWIFT_VERSION = 5.0;
				TARGETED_DEVICE_FAMILY = "1,2";
			};
			name = Debug;
		};
		1F281D6E28D3290200EC6947 /* Release */ = {
			isa = XCBuildConfiguration;
			buildSettings = {
				ASSETCATALOG_COMPILER_APPICON_NAME = AppIcon;
				ASSETCATALOG_COMPILER_GLOBAL_ACCENT_COLOR_NAME = AccentColor;
				CODE_SIGN_STYLE = Automatic;
				CURRENT_PROJECT_VERSION = 1;
				DEVELOPMENT_ASSET_PATHS = "\"iOSTarget/Preview Content\"";
				DEVELOPMENT_TEAM = 6JQR5WH86M;
				ENABLE_PREVIEWS = YES;
				GENERATE_INFOPLIST_FILE = YES;
				INFOPLIST_KEY_UIApplicationSceneManifest_Generation = YES;
				INFOPLIST_KEY_UIApplicationSupportsIndirectInputEvents = YES;
				INFOPLIST_KEY_UILaunchScreen_Generation = YES;
				INFOPLIST_KEY_UISupportedInterfaceOrientations_iPad = "UIInterfaceOrientationPortrait UIInterfaceOrientationPortraitUpsideDown UIInterfaceOrientationLandscapeLeft UIInterfaceOrientationLandscapeRight";
				INFOPLIST_KEY_UISupportedInterfaceOrientations_iPhone = "UIInterfaceOrientationPortrait UIInterfaceOrientationLandscapeLeft UIInterfaceOrientationLandscapeRight";
				IPHONEOS_DEPLOYMENT_TARGET = 16.0;
				LD_RUNPATH_SEARCH_PATHS = (
					"$(inherited)",
					"@executable_path/Frameworks",
				);
				MARKETING_VERSION = 1.0;
				PRODUCT_BUNDLE_IDENTIFIER = Nothing.iOSTarget;
				PRODUCT_NAME = "$(TARGET_NAME)";
				SDKROOT = iphoneos;
				SWIFT_EMIT_LOC_STRINGS = YES;
				SWIFT_VERSION = 5.0;
				TARGETED_DEVICE_FAMILY = "1,2";
				VALIDATE_PRODUCT = YES;
			};
			name = Release;
		};
		1F281D8828D3299F00EC6947 /* Debug */ = {
			isa = XCBuildConfiguration;
			buildSettings = {
				ASSETCATALOG_COMPILER_APPICON_NAME = AppIcon;
				ASSETCATALOG_COMPILER_GLOBAL_ACCENT_COLOR_NAME = AccentColor;
				CODE_SIGN_STYLE = Automatic;
				CURRENT_PROJECT_VERSION = 1;
				DEVELOPMENT_ASSET_PATHS = "\"watchOSTarget Watch App/Preview Content\"";
				DEVELOPMENT_TEAM = 6JQR5WH86M;
				ENABLE_PREVIEWS = YES;
				GENERATE_INFOPLIST_FILE = YES;
				INFOPLIST_KEY_CFBundleDisplayName = watchOSTarget;
				INFOPLIST_KEY_UISupportedInterfaceOrientations = "UIInterfaceOrientationPortrait UIInterfaceOrientationPortraitUpsideDown";
				INFOPLIST_KEY_WKWatchOnly = YES;
				LD_RUNPATH_SEARCH_PATHS = (
					"$(inherited)",
					"@executable_path/Frameworks",
				);
				MARKETING_VERSION = 1.0;
				PRODUCT_BUNDLE_IDENTIFIER = Nothing.watchOSTarget.watchkitapp;
				PRODUCT_NAME = "$(TARGET_NAME)";
				SDKROOT = watchos;
				SKIP_INSTALL = YES;
				SWIFT_EMIT_LOC_STRINGS = YES;
				SWIFT_VERSION = 5.0;
				TARGETED_DEVICE_FAMILY = 4;
				WATCHOS_DEPLOYMENT_TARGET = 9.0;
			};
			name = Debug;
		};
		1F281D8928D3299F00EC6947 /* Release */ = {
			isa = XCBuildConfiguration;
			buildSettings = {
				ASSETCATALOG_COMPILER_APPICON_NAME = AppIcon;
				ASSETCATALOG_COMPILER_GLOBAL_ACCENT_COLOR_NAME = AccentColor;
				CODE_SIGN_STYLE = Automatic;
				CURRENT_PROJECT_VERSION = 1;
				DEVELOPMENT_ASSET_PATHS = "\"watchOSTarget Watch App/Preview Content\"";
				DEVELOPMENT_TEAM = 6JQR5WH86M;
				ENABLE_PREVIEWS = YES;
				GENERATE_INFOPLIST_FILE = YES;
				INFOPLIST_KEY_CFBundleDisplayName = watchOSTarget;
				INFOPLIST_KEY_UISupportedInterfaceOrientations = "UIInterfaceOrientationPortrait UIInterfaceOrientationPortraitUpsideDown";
				INFOPLIST_KEY_WKWatchOnly = YES;
				LD_RUNPATH_SEARCH_PATHS = (
					"$(inherited)",
					"@executable_path/Frameworks",
				);
				MARKETING_VERSION = 1.0;
				PRODUCT_BUNDLE_IDENTIFIER = Nothing.watchOSTarget.watchkitapp;
				PRODUCT_NAME = "$(TARGET_NAME)";
				SDKROOT = watchos;
				SKIP_INSTALL = YES;
				SWIFT_EMIT_LOC_STRINGS = YES;
				SWIFT_VERSION = 5.0;
				TARGETED_DEVICE_FAMILY = 4;
				VALIDATE_PRODUCT = YES;
				WATCHOS_DEPLOYMENT_TARGET = 9.0;
			};
			name = Release;
		};
		1F281D8C28D3299F00EC6947 /* Debug */ = {
			isa = XCBuildConfiguration;
			buildSettings = {
				ALWAYS_EMBED_SWIFT_STANDARD_LIBRARIES = YES;
				CODE_SIGN_STYLE = Automatic;
				CURRENT_PROJECT_VERSION = 1;
				DEVELOPMENT_TEAM = 6JQR5WH86M;
				INFOPLIST_KEY_CFBundleDisplayName = watchOSTarget;
				MARKETING_VERSION = 1.0;
				PRODUCT_BUNDLE_IDENTIFIER = Nothing.watchOSTarget;
				PRODUCT_NAME = "$(TARGET_NAME)";
				SDKROOT = iphoneos;
				SWIFT_VERSION = 5.0;
			};
			name = Debug;
		};
		1F281D8D28D3299F00EC6947 /* Release */ = {
			isa = XCBuildConfiguration;
			buildSettings = {
				ALWAYS_EMBED_SWIFT_STANDARD_LIBRARIES = YES;
				CODE_SIGN_STYLE = Automatic;
				CURRENT_PROJECT_VERSION = 1;
				DEVELOPMENT_TEAM = 6JQR5WH86M;
				INFOPLIST_KEY_CFBundleDisplayName = watchOSTarget;
				MARKETING_VERSION = 1.0;
				PRODUCT_BUNDLE_IDENTIFIER = Nothing.watchOSTarget;
				PRODUCT_NAME = "$(TARGET_NAME)";
				SDKROOT = iphoneos;
				SWIFT_VERSION = 5.0;
				VALIDATE_PRODUCT = YES;
			};
			name = Release;
		};
		1F281DAD28D32F8B00EC6947 /* Debug */ = {
			isa = XCBuildConfiguration;
			buildSettings = {
				ASSETCATALOG_COMPILER_APPICON_NAME = "App Icon & Top Shelf Image";
				ASSETCATALOG_COMPILER_GLOBAL_ACCENT_COLOR_NAME = AccentColor;
				CODE_SIGN_STYLE = Automatic;
				CURRENT_PROJECT_VERSION = 1;
				DEVELOPMENT_ASSET_PATHS = "\"tvOSTarget/Preview Content\"";
				DEVELOPMENT_TEAM = 6JQR5WH86M;
				ENABLE_PREVIEWS = YES;
				GENERATE_INFOPLIST_FILE = YES;
				INFOPLIST_KEY_UILaunchScreen_Generation = YES;
				INFOPLIST_KEY_UIUserInterfaceStyle = Automatic;
				LD_RUNPATH_SEARCH_PATHS = (
					"$(inherited)",
					"@executable_path/Frameworks",
				);
				MARKETING_VERSION = 1.0;
				PRODUCT_BUNDLE_IDENTIFIER = Nothing.tvOSTarget;
				PRODUCT_NAME = "$(TARGET_NAME)";
				SDKROOT = appletvos;
				SWIFT_EMIT_LOC_STRINGS = YES;
				SWIFT_VERSION = 5.0;
				TARGETED_DEVICE_FAMILY = 3;
				TVOS_DEPLOYMENT_TARGET = 16.0;
			};
			name = Debug;
		};
		1F281DAE28D32F8B00EC6947 /* Release */ = {
			isa = XCBuildConfiguration;
			buildSettings = {
				ASSETCATALOG_COMPILER_APPICON_NAME = "App Icon & Top Shelf Image";
				ASSETCATALOG_COMPILER_GLOBAL_ACCENT_COLOR_NAME = AccentColor;
				CODE_SIGN_STYLE = Automatic;
				CURRENT_PROJECT_VERSION = 1;
				DEVELOPMENT_ASSET_PATHS = "\"tvOSTarget/Preview Content\"";
				DEVELOPMENT_TEAM = 6JQR5WH86M;
				ENABLE_PREVIEWS = YES;
				GENERATE_INFOPLIST_FILE = YES;
				INFOPLIST_KEY_UILaunchScreen_Generation = YES;
				INFOPLIST_KEY_UIUserInterfaceStyle = Automatic;
				LD_RUNPATH_SEARCH_PATHS = (
					"$(inherited)",
					"@executable_path/Frameworks",
				);
				MARKETING_VERSION = 1.0;
				PRODUCT_BUNDLE_IDENTIFIER = Nothing.tvOSTarget;
				PRODUCT_NAME = "$(TARGET_NAME)";
				SDKROOT = appletvos;
				SWIFT_EMIT_LOC_STRINGS = YES;
				SWIFT_VERSION = 5.0;
				TARGETED_DEVICE_FAMILY = 3;
				TVOS_DEPLOYMENT_TARGET = 16.0;
				VALIDATE_PRODUCT = YES;
			};
			name = Release;
		};
/* End XCBuildConfiguration section */

/* Begin XCConfigurationList section */
		1F281D1428D3230600EC6947 /* Build configuration list for PBXProject "MultiApp" */ = {
			isa = XCConfigurationList;
			buildConfigurations = (
				1F281D2628D3230800EC6947 /* Debug */,
				1F281D2728D3230800EC6947 /* Release */,
			);
			defaultConfigurationIsVisible = 0;
			defaultConfigurationName = Release;
		};
		1F281D2828D3230800EC6947 /* Build configuration list for PBXNativeTarget "MultiApp" */ = {
			isa = XCConfigurationList;
			buildConfigurations = (
				1F281D2928D3230800EC6947 /* Debug */,
				1F281D2A28D3230800EC6947 /* Release */,
			);
			defaultConfigurationIsVisible = 0;
			defaultConfigurationName = Release;
		};
		1F281D6F28D3290200EC6947 /* Build configuration list for PBXNativeTarget "iOSTarget" */ = {
			isa = XCConfigurationList;
			buildConfigurations = (
				1F281D6D28D3290200EC6947 /* Debug */,
				1F281D6E28D3290200EC6947 /* Release */,
			);
			defaultConfigurationIsVisible = 0;
			defaultConfigurationName = Release;
		};
		1F281D8728D3299F00EC6947 /* Build configuration list for PBXNativeTarget "watchOSTarget Watch App" */ = {
			isa = XCConfigurationList;
			buildConfigurations = (
				1F281D8828D3299F00EC6947 /* Debug */,
				1F281D8928D3299F00EC6947 /* Release */,
			);
			defaultConfigurationIsVisible = 0;
			defaultConfigurationName = Release;
		};
		1F281D8B28D3299F00EC6947 /* Build configuration list for PBXNativeTarget "watchOSTarget" */ = {
			isa = XCConfigurationList;
			buildConfigurations = (
				1F281D8C28D3299F00EC6947 /* Debug */,
				1F281D8D28D3299F00EC6947 /* Release */,
			);
			defaultConfigurationIsVisible = 0;
			defaultConfigurationName = Release;
		};
		1F281DAF28D32F8B00EC6947 /* Build configuration list for PBXNativeTarget "tvOSTarget" */ = {
			isa = XCConfigurationList;
			buildConfigurations = (
				1F281DAD28D32F8B00EC6947 /* Debug */,
				1F281DAE28D32F8B00EC6947 /* Release */,
			);
			defaultConfigurationIsVisible = 0;
			defaultConfigurationName = Release;
		};
/* End XCConfigurationList section */
	};
	rootObject = 1F281D1128D3230600EC6947 /* Project object */;
}
